
Microsoft Visual Studio Solution File, Format Version 12.00
# Visual Studio Version 16
VisualStudioVersion = 16.0.31911.196
MinimumVisualStudioVersion = 10.0.40219.1
Project("{FAE04EC0-301F-11D3-BF4B-00C04F79EFBC}") = "UIElement", "UIElement\UIElement.csproj", "{930CF833-7FCC-4000-B488-0D06F46A8240}"
EndProject
Global
	GlobalSection(SolutionConfigurationPlatforms) = preSolution
		Debug|Any CPU = Debug|Any CPU
		Release|Any CPU = Release|Any CPU
	EndGlobalSection
	GlobalSection(ProjectConfigurationPlatforms) = postSolution
		{930CF833-7FCC-4000-B488-0D06F46A8240}.Debug|Any CPU.ActiveCfg = Debug|Any CPU
		{930CF833-7FCC-4000-B488-0D06F46A8240}.Debug|Any CPU.Build.0 = Debug|Any CPU
		{930CF833-7FCC-4000-B488-0D06F46A8240}.Release|Any CPU.ActiveCfg = Release|Any CPU
		{930CF833-7FCC-4000-B488-0D06F46A8240}.Release|Any CPU.Build.0 = Release|Any CPU
	EndGlobalSection
	GlobalSection(SolutionProperties) = preSolution
		HideSolutionNode = FALSE
	EndGlobalSection
	GlobalSection(ExtensibilityGlobals) = postSolution
		SolutionGuid = {805E72BC-3E98-4297-970C-4235CDDBBB88}
	EndGlobalSection
EndGlobal
